PODS:
  - Alamofire (5.7.1)
  - Kingfisher (7.9.0)

DEPENDENCIES:
  - Alamofire
  - Kingfisher

SPEC REPOS:
  trunk:
    - Alamofire
    - Kingfisher

SPEC CHECKSUMS:
  Alamofire: 0123a34370cb170936ae79a8df46cc62b2edeb88
  Kingfisher: 59f908b6d2f403b0a3e539debb0eec05cb27002c

PODFILE CHECKSUM: 357e6f1fbabb610b9a330e5b6daff52ee93c3fa0

COCOAPODS: 1.12.1
